// !$*UTF8*$!
{
	archiveVersion = 1;
	classes = {
	};
	objectVersion = 46;
	objects = {

/* Begin PBXBuildFile section */
		635ACE4D196CD5D40037703F /* AppDelegate.swift in Sources */ = {isa = PBXBuildFile; fileRef = 635ACE4C196CD5D40037703F /* AppDelegate.swift */; };
		635ACE4F196CD5D40037703F /* ViewController.swift in Sources */ = {isa = PBXBuildFile; fileRef = 635ACE4E196CD5D40037703F /* ViewController.swift */; };
		635ACE52196CD5D40037703F /* Main.storyboard in Resources */ = {isa = PBXBuildFile; fileRef = 635ACE50196CD5D40037703F /* Main.storyboard */; };
		635ACE54196CD5D40037703F /* Images.xcassets in Resources */ = {isa = PBXBuildFile; fileRef = 635ACE53196CD5D40037703F /* Images.xcassets */; };
		635ACE60196CD5D40037703F /* swiftWeatherTests.swift in Sources */ = {isa = PBXBuildFile; fileRef = 635ACE5F196CD5D40037703F /* swiftWeatherTests.swift */; };
		635ACE6A196CD6200037703F /* WeatherFetch.swift in Sources */ = {isa = PBXBuildFile; fileRef = 635ACE69196CD6200037703F /* WeatherFetch.swift */; };
		635ACE6C196CD64C0037703F /* Weather.swift in Sources */ = {isa = PBXBuildFile; fileRef = 635ACE6B196CD64C0037703F /* Weather.swift */; };
/* End PBXBuildFile section */

/* Begin PBXContainerItemProxy section */
		635ACE5A196CD5D40037703F /* PBXContainerItemProxy */ = {
			isa = PBXContainerItemProxy;
			containerPortal = 635ACE3F196CD5D40037703F /* Project object */;
			proxyType = 1;
			remoteGlobalIDString = 635ACE46196CD5D40037703F;
			remoteInfo = swiftWeather;
		};
/* End PBXContainerItemProxy section */

/* Begin PBXFileReference section */
		635ACE47196CD5D40037703F /* swiftWeather.app */ = {isa = PBXFileReference; explicitFileType = wrapper.application; includeInIndex = 0; path = swiftWeather.app; sourceTree = BUILT_PRODUCTS_DIR; };
		635ACE4B196CD5D40037703F /* Info.plist */ = {isa = PBXFileReference; lastKnownFileType = text.plist.xml; path = Info.plist; sourceTree = "<group>"; };
		635ACE4C196CD5D40037703F /* AppDelegate.swift */ = {isa = PBXFileReference; lastKnownFileType = sourcecode.swift; path = AppDelegate.swift; sourceTree = "<group>"; };
		635ACE4E196CD5D40037703F /* ViewController.swift */ = {isa = PBXFileReference; lastKnownFileType = sourcecode.swift; path = ViewController.swift; sourceTree = "<group>"; };
		635ACE51196CD5D40037703F /* Base */ = {isa = PBXFileReference; lastKnownFileType = file.storyboard; name = Base; path = Base.lproj/Main.storyboard; sourceTree = "<group>"; };
		635ACE53196CD5D40037703F /* Images.xcassets */ = {isa = PBXFileReference; lastKnownFileType = folder.assetcatalog; path = Images.xcassets; sourceTree = "<group>"; };
		635ACE59196CD5D40037703F /* swiftWeatherTests.xctest */ = {isa = PBXFileReference; explicitFileType = wrapper.cfbundle; includeInIndex = 0; path = swiftWeatherTests.xctest; sourceTree = BUILT_PRODUCTS_DIR; };
		635ACE5E196CD5D40037703F /* Info.plist */ = {isa = PBXFileReference; lastKnownFileType = text.plist.xml; path = Info.plist; sourceTree = "<group>"; };
		635ACE5F196CD5D40037703F /* swiftWeatherTests.swift */ = {isa = PBXFileReference; lastKnownFileType = sourcecode.swift; path = swiftWeatherTests.swift; sourceTree = "<group>"; };
		635ACE69196CD6200037703F /* WeatherFetch.swift */ = {isa = PBXFileReference; fileEncoding = 4; lastKnownFileType = sourcecode.swift; path = WeatherFetch.swift; sourceTree = "<group>"; };
		635ACE6B196CD64C0037703F /* Weather.swift */ = {isa = PBXFileReference; fileEncoding = 4; lastKnownFileType = sourcecode.swift; path = Weather.swift; sourceTree = "<group>"; };
/* End PBXFileReference section */

/* Begin PBXFrameworksBuildPhase section */
		635ACE44196CD5D40037703F /* Frameworks */ = {
			isa = PBXFrameworksBuildPhase;
			buildActionMask = 2147483647;
			files = (
			);
			runOnlyForDeploymentPostprocessing = 0;
		};
		635ACE56196CD5D40037703F /* Frameworks */ = {
			isa = PBXFrameworksBuildPhase;
			buildActionMask = 2147483647;
			files = (
			);
			runOnlyForDeploymentPostprocessing = 0;
		};
/* End PBXFrameworksBuildPhase section */

/* Begin PBXGroup section */
		635ACE3E196CD5D40037703F = {
			isa = PBXGroup;
			children = (
				635ACE49196CD5D40037703F /* swiftWeather */,
				635ACE5C196CD5D40037703F /* swiftWeatherTests */,
				635ACE48196CD5D40037703F /* Products */,
			);
			sourceTree = "<group>";
		};
		635ACE48196CD5D40037703F /* Products */ = {
			isa = PBXGroup;
			children = (
				635ACE47196CD5D40037703F /* swiftWeather.app */,
				635ACE59196CD5D40037703F /* swiftWeatherTests.xctest */,
			);
			name = Products;
			sourceTree = "<group>";
		};
		635ACE49196CD5D40037703F /* swiftWeather */ = {
			isa = PBXGroup;
			children = (
				635ACE4C196CD5D40037703F /* AppDelegate.swift */,
				635ACE69196CD6200037703F /* WeatherFetch.swift */,
				635ACE6B196CD64C0037703F /* Weather.swift */,
				635ACE4E196CD5D40037703F /* ViewController.swift */,
				635ACE50196CD5D40037703F /* Main.storyboard */,
				635ACE53196CD5D40037703F /* Images.xcassets */,
				635ACE4A196CD5D40037703F /* Supporting Files */,
			);
			path = swiftWeather;
			sourceTree = "<group>";
		};
		635ACE4A196CD5D40037703F /* Supporting Files */ = {
			isa = PBXGroup;
			children = (
				635ACE4B196CD5D40037703F /* Info.plist */,
			);
			name = "Supporting Files";
			sourceTree = "<group>";
		};
		635ACE5C196CD5D40037703F /* swiftWeatherTests */ = {
			isa = PBXGroup;
			children = (
				635ACE5F196CD5D40037703F /* swiftWeatherTests.swift */,
				635ACE5D196CD5D40037703F /* Supporting Files */,
			);
			path = swiftWeatherTests;
			sourceTree = "<group>";
		};
		635ACE5D196CD5D40037703F /* Supporting Files */ = {
			isa = PBXGroup;
			children = (
				635ACE5E196CD5D40037703F /* Info.plist */,
			);
			name = "Supporting Files";
			sourceTree = "<group>";
		};
/* End PBXGroup section */

/* Begin PBXNativeTarget section */
		635ACE46196CD5D40037703F /* swiftWeather */ = {
			isa = PBXNativeTarget;
			buildConfigurationList = 635ACE63196CD5D40037703F /* Build configuration list for PBXNativeTarget "swiftWeather" */;
			buildPhases = (
				635ACE43196CD5D40037703F /* Sources */,
				635ACE44196CD5D40037703F /* Frameworks */,
				635ACE45196CD5D40037703F /* Resources */,
			);
			buildRules = (
			);
			dependencies = (
			);
			name = swiftWeather;
			productName = swiftWeather;
			productReference = 635ACE47196CD5D40037703F /* swiftWeather.app */;
			productType = "com.apple.product-type.application";
		};
		635ACE58196CD5D40037703F /* swiftWeatherTests */ = {
			isa = PBXNativeTarget;
			buildConfigurationList = 635ACE66196CD5D40037703F /* Build configuration list for PBXNativeTarget "swiftWeatherTests" */;
			buildPhases = (
				635ACE55196CD5D40037703F /* Sources */,
				635ACE56196CD5D40037703F /* Frameworks */,
				635ACE57196CD5D40037703F /* Resources */,
			);
			buildRules = (
			);
			dependencies = (
				635ACE5B196CD5D40037703F /* PBXTargetDependency */,
			);
			name = swiftWeatherTests;
			productName = swiftWeatherTests;
			productReference = 635ACE59196CD5D40037703F /* swiftWeatherTests.xctest */;
			productType = "com.apple.product-type.bundle.unit-test";
		};
/* End PBXNativeTarget section */

/* Begin PBXProject section */
		635ACE3F196CD5D40037703F /* Project object */ = {
			isa = PBXProject;
			attributes = {
				LastUpgradeCheck = 0600;
				ORGANIZATIONNAME = "Eric Dolecki";
				TargetAttributes = {
					635ACE46196CD5D40037703F = {
						CreatedOnToolsVersion = 6.0;
					};
					635ACE58196CD5D40037703F = {
						CreatedOnToolsVersion = 6.0;
						TestTargetID = 635ACE46196CD5D40037703F;
					};
				};
			};
			buildConfigurationList = 635ACE42196CD5D40037703F /* Build configuration list for PBXProject "swiftWeather" */;
			compatibilityVersion = "Xcode 3.2";
			developmentRegion = English;
			hasScannedForEncodings = 0;
			knownRegions = (
				en,
				Base,
			);
			mainGroup = 635ACE3E196CD5D40037703F;
			productRefGroup = 635ACE48196CD5D40037703F /* Products */;
			projectDirPath = "";
			projectRoot = "";
			targets = (
				635ACE46196CD5D40037703F /* swiftWeather */,
				635ACE58196CD5D40037703F /* swiftWeatherTests */,
			);
		};
/* End PBXProject section */

/* Begin PBXResourcesBuildPhase section */
		635ACE45196CD5D40037703F /* Resources */ = {
			isa = PBXResourcesBuildPhase;
			buildActionMask = 2147483647;
			files = (
				635ACE52196CD5D40037703F /* Main.storyboard in Resources */,
				635ACE54196CD5D40037703F /* Images.xcassets in Resources */,
			);
			runOnlyForDeploymentPostprocessing = 0;
		};
		635ACE57196CD5D40037703F /* Resources */ = {
			isa = PBXResourcesBuildPhase;
			buildActionMask = 2147483647;
			files = (
			);
			runOnlyForDeploymentPostprocessing = 0;
		};
/* End PBXResourcesBuildPhase section */

/* Begin PBXSourcesBuildPhase section */
		635ACE43196CD5D40037703F /* Sources */ = {
			isa = PBXSourcesBuildPhase;
			buildActionMask = 2147483647;
			files = (
				635ACE6C196CD64C0037703F /* Weather.swift in Sources */,
				635ACE4F196CD5D40037703F /* ViewController.swift in Sources */,
				635ACE4D196CD5D40037703F /* AppDelegate.swift in Sources */,
				635ACE6A196CD6200037703F /* WeatherFetch.swift in Sources */,
			);
			runOnlyForDeploymentPostprocessing = 0;
		};
		635ACE55196CD5D40037703F /* Sources */ = {
			isa = PBXSourcesBuildPhase;
			buildActionMask = 2147483647;
			files = (
				635ACE60196CD5D40037703F /* swiftWeatherTests.swift in Sources */,
			);
			runOnlyForDeploymentPostprocessing = 0;
		};
/* End PBXSourcesBuildPhase section */

/* Begin PBXTargetDependency section */
		635ACE5B196CD5D40037703F /* PBXTargetDependency */ = {
			isa = PBXTargetDependency;
			target = 635ACE46196CD5D40037703F /* swiftWeather */;
			targetProxy = 635ACE5A196CD5D40037703F /* PBXContainerItemProxy */;
		};
/* End PBXTargetDependency section */

/* Begin PBXVariantGroup section */
		635ACE50196CD5D40037703F /* Main.storyboard */ = {
			isa = PBXVariantGroup;
			children = (
				635ACE51196CD5D40037703F /* Base */,
			);
			name = Main.storyboard;
			sourceTree = "<group>";
		};
/* End PBXVariantGroup section */

/* Begin XCBuildConfiguration section */
		635ACE61196CD5D40037703F /* Debug */ = {
			isa = XCBuildConfiguration;
			buildSettings = {
				ALWAYS_SEARCH_USER_PATHS = NO;
				CLANG_CXX_LANGUAGE_STANDARD = "gnu++0x";
				CLANG_CXX_LIBRARY = "libc++";
				CLANG_ENABLE_MODULES = YES;
				CLANG_ENABLE_OBJC_ARC = YES;
				CLANG_WARN_BOOL_CONVERSION = YES;
				CLANG_WARN_CONSTANT_CONVERSION = YES;
				CLANG_WARN_DIRECT_OBJC_ISA_USAGE = YES_ERROR;
				CLANG_WARN_EMPTY_BODY = YES;
				CLANG_WARN_ENUM_CONVERSION = YES;
				CLANG_WARN_INT_CONVERSION = YES;
				CLANG_WARN_OBJC_ROOT_CLASS = YES_ERROR;
				CLANG_WARN_UNREACHABLE_CODE = YES;
				CLANG_WARN__DUPLICATE_METHOD_MATCH = YES;
				"CODE_SIGN_IDENTITY[sdk=iphoneos*]" = "iPhone Developer";
				COPY_PHASE_STRIP = NO;
				ENABLE_STRICT_OBJC_MSGSEND = YES;
				GCC_C_LANGUAGE_STANDARD = gnu99;
				GCC_DYNAMIC_NO_PIC = NO;
				GCC_OPTIMIZATION_LEVEL = 0;
				GCC_PREPROCESSOR_DEFINITIONS = (
					"DEBUG=1",
					"$(inherited)",
				);
				GCC_SYMBOLS_PRIVATE_EXTERN = NO;
				GCC_WARN_64_TO_32_BIT_CONVERSION = YES;
				GCC_WARN_ABOUT_RETURN_TYPE = YES_ERROR;
				GCC_WARN_UNDECLARED_SELECTOR = YES;
				GCC_WARN_UNINITIALIZED_AUTOS = YES_AGGRESSIVE;
				GCC_WARN_UNUSED_FUNCTION = YES;
				GCC_WARN_UNUSED_VARIABLE = YES;
				IPHONEOS_DEPLOYMENT_TARGET = 8.0;
				METAL_ENABLE_DEBUG_INFO = YES;
				ONLY_ACTIVE_ARCH = YES;
				SDKROOT = iphoneos;
				SWIFT_OPTIMIZATION_LEVEL = "-Onone";
			};
			name = Debug;
		};
		635ACE62196CD5D40037703F /* Release */ = {
			isa = XCBuildConfiguration;
			buildSettings = {
				ALWAYS_SEARCH_USER_PATHS = NO;
				CLANG_CXX_LANGUAGE_STANDARD = "gnu++0x";
				CLANG_CXX_LIBRARY = "libc++";
				CLANG_ENABLE_MODULES = YES;
				CLANG_ENABLE_OBJC_ARC = YES;
				CLANG_WARN_BOOL_CONVERSION = YES;
				CLANG_WARN_CONSTANT_CONVERSION = YES;
				CLANG_WARN_DIRECT_OBJC_ISA_USAGE = YES_ERROR;
				CLANG_WARN_EMPTY_BODY = YES;
				CLANG_WARN_ENUM_CONVERSION = YES;
				CLANG_WARN_INT_CONVERSION = YES;
				CLANG_WARN_OBJC_ROOT_CLASS = YES_ERROR;
				CLANG_WARN_UNREACHABLE_CODE = YES;
				CLANG_WARN__DUPLICATE_METHOD_MATCH = YES;
				"CODE_SIGN_IDENTITY[sdk=iphoneos*]" = "iPhone Developer";
				COPY_PHASE_STRIP = YES;
				ENABLE_NS_ASSERTIONS = NO;
				ENABLE_STRICT_OBJC_MSGSEND = YES;
				GCC_C_LANGUAGE_STANDARD = gnu99;
				GCC_WARN_64_TO_32_BIT_CONVERSION = YES;
				GCC_WARN_ABOUT_RETURN_TYPE = YES_ERROR;
				GCC_WARN_UNDECLARED_SELECTOR = YES;
				GCC_WARN_UNINITIALIZED_AUTOS = YES_AGGRESSIVE;
				GCC_WARN_UNUSED_FUNCTION = YES;
				GCC_WARN_UNUSED_VARIABLE = YES;
				IPHONEOS_DEPLOYMENT_TARGET = 8.0;
				METAL_ENABLE_DEBUG_INFO = NO;
				SDKROOT = iphoneos;
				VALIDATE_PRODUCT = YES;
			};
			name = Release;
		};
		635ACE64196CD5D40037703F /* Debug */ = {
			isa = XCBuildConfiguration;
			buildSettings = {
				ASSETCATALOG_COMPILER_APPICON_NAME = AppIcon;
				ASSETCATALOG_COMPILER_LAUNCHIMAGE_NAME = LaunchImage;
				INFOPLIST_FILE = swiftWeather/Info.plist;
				IPHONEOS_DEPLOYMENT_TARGET = 7.1;
				LD_RUNPATH_SEARCH_PATHS = "$(inherited) @executable_path/Frameworks";
				PRODUCT_NAME = "$(TARGET_NAME)";
			};
			name = Debug;
		};
		635ACE65196CD5D40037703F /* Release */ = {
			isa = XCBuildConfiguration;
			buildSettings = {
				ASSETCATALOG_COMPILER_APPICON_NAME = AppIcon;
				ASSETCATALOG_COMPILER_LAUNCHIMAGE_NAME = LaunchImage;
				INFOPLIST_FILE = swiftWeather/Info.plist;
				IPHONEOS_DEPLOYMENT_TARGET = 7.1;
				LD_RUNPATH_SEARCH_PATHS = "$(inherited) @executable_path/Frameworks";
				PRODUCT_NAME = "$(TARGET_NAME)";
			};
			name = Release;
		};
		635ACE67196CD5D40037703F /* Debug */ = {
			isa = XCBuildConfiguration;
			buildSettings = {
				BUNDLE_LOADER = "$(BUILT_PRODUCTS_DIR)/swiftWeather.app/swiftWeather";
				FRAMEWORK_SEARCH_PATHS = (
					"$(SDKROOT)/Developer/Library/Frameworks",
					"$(inherited)",
				);
				GCC_PREPROCESSOR_DEFINITIONS = (
					"DEBUG=1",
					"$(inherited)",
				);
				INFOPLIST_FILE = swiftWeatherTests/Info.plist;
				LD_RUNPATH_SEARCH_PATHS = "$(inherited) @executable_path/Frameworks @loader_path/Frameworks";
				METAL_ENABLE_DEBUG_INFO = YES;
				PRODUCT_NAME = "$(TARGET_NAME)";
				TEST_HOST = "$(BUNDLE_LOADER)";
			};
			name = Debug;
		};
		635ACE68196CD5D40037703F /* Release */ = {
			isa = XCBuildConfiguration;
			buildSettings = {
				BUNDLE_LOADER = "$(BUILT_PRODUCTS_DIR)/swiftWeather.app/swiftWeather";
				FRAMEWORK_SEARCH_PATHS = (
					"$(SDKROOT)/Developer/Library/Frameworks",
					"$(inherited)",
				);
				INFOPLIST_FILE = swiftWeatherTests/Info.plist;
				LD_RUNPATH_SEARCH_PATHS = "$(inherited) @executable_path/Frameworks @loader_path/Frameworks";
				METAL_ENABLE_DEBUG_INFO = NO;
				PRODUCT_NAME = "$(TARGET_NAME)";
				TEST_HOST = "$(BUNDLE_LOADER)";
			};
			name = Release;
		};
/* End XCBuildConfiguration section */

/* Begin XCConfigurationList section */
		635ACE42196CD5D40037703F /* Build configuration list for PBXProject "swiftWeather" */ = {
			isa = XCConfigurationList;
			buildConfigurations = (
				635ACE61196CD5D40037703F /* Debug */,
				635ACE62196CD5D40037703F /* Release */,
			);
			defaultConfigurationIsVisible = 0;
			defaultConfigurationName = Release;
		};
		635ACE63196CD5D40037703F /* Build configuration list for PBXNativeTarget "swiftWeather" */ = {
			isa = XCConfigurationList;
			buildConfigurations = (
				635ACE64196CD5D40037703F /* Debug */,
				635ACE65196CD5D40037703F /* Release */,
			);
			defaultConfigurationIsVisible = 0;
		};
		635ACE66196CD5D40037703F /* Build configuration list for PBXNativeTarget "swiftWeatherTests" */ = {
			isa = XCConfigurationList;
			buildConfigurations = (
				635ACE67196CD5D40037703F /* Debug */,
				635ACE68196CD5D40037703F /* Release */,
			);
			defaultConfigurationIsVisible = 0;
		};
/* End XCConfigurationList section */
	};
	rootObject = 635ACE3F196CD5D40037703F /* Project object */;
}
